
Microsoft Visual Studio Solution File, Format Version 12.00
# Visual Studio Version 17
VisualStudioVersion = 17.0.31903.59
MinimumVisualStudioVersion = 10.0.40219.1
Project("{FAE04EC0-301F-11D3-BF4B-00C04F79EFBC}") = "tasync", "tasync.csproj", "{EE37FE02-4F19-43E3-9634-05E85B53C7EE}"
EndProject
Global
	GlobalSection(SolutionConfigurationPlatforms) = preSolution
		Debug|Any CPU = Debug|Any CPU
		Release|Any CPU = Release|Any CPU
	EndGlobalSection
	GlobalSection(SolutionProperties) = preSolution
		HideSolutionNode = FALSE
	EndGlobalSection
	GlobalSection(ProjectConfigurationPlatforms) = postSolution
		{EE37FE02-4F19-43E3-9634-05E85B53C7EE}.Debug|Any CPU.ActiveCfg = Debug|Any CPU
		{EE37FE02-4F19-43E3-9634-05E85B53C7EE}.Debug|Any CPU.Build.0 = Debug|Any CPU
		{EE37FE02-4F19-43E3-9634-05E85B53C7EE}.Release|Any CPU.ActiveCfg = Release|Any CPU
		{EE37FE02-4F19-43E3-9634-05E85B53C7EE}.Release|Any CPU.Build.0 = Release|Any CPU
	EndGlobalSection
EndGlobal
